<?xml version="1.0" encoding="utf-8"?>
<Project ToolsVersion="4.0" xmlns="http://schemas.microsoft.com/developer/msbuild/2003">
  <ItemGroup>
    <Filter Include="Source Files">
      <UniqueIdentifier>{4FC737F1-C7A5-4376-A066-2A32D752A2FF}</UniqueIdentifier>
      <Extensions>cpp;c;cc;cxx;c++;cppm;ixx;def;odl;idl;hpj;bat;asm;asmx</Extensions>
    </Filter>
    <Filter Include="Header Files">
      <UniqueIdentifier>{93995380-89BD-4b04-88EB-625FBE52EBFB}</UniqueIdentifier>
      <Extensions>h;hh;hpp;hxx;h++;hm;inl;inc;ipp;xsd</Extensions>
    </Filter>
    <Filter Include="Resource Files">
      <UniqueIdentifier>{67DA6AB6-F800-4c08-8B7A-83BB121AAD01}</UniqueIdentifier>
      <Extensions>rc;ico;cur;bmp;dlg;rc2;rct;bin;rgs;gif;jpg;jpeg;jpe;resx;tiff;tif;png;wav;mfcribbon-ms</Extensions>
    </Filter>
    <Filter Include="Source Files\Classes">
      <UniqueIdentifier>{6c43d76c-1954-4557-b7cf-a4ea7686cac4}</UniqueIdentifier>
    </Filter>
    <Filter Include="Header Files\OpenGL">
      <UniqueIdentifier>{f506a6c4-9aef-4f04-8518-b32abfbf963a}</UniqueIdentifier>
    </Filter>
    <Filter Include="Header Files\Game">
      <UniqueIdentifier>{02a8f65b-aba0-4566-be0f-4924e3970660}</UniqueIdentifier>
    </Filter>
    <Filter Include="Source Files\Classes\Game">
      <UniqueIdentifier>{65e6a78b-fef3-49f3-bfbb-6f6526541810}</UniqueIdentifier>
    </Filter>
    <Filter Include="Source Files\Classes\OpenGL">
      <UniqueIdentifier>{d8fc4968-5bdd-42d6-ba25-49326408b3a6}</UniqueIdentifier>
    </Filter>
    <Filter Include="Resource Files\Shaders">
      <UniqueIdentifier>{99951364-ba17-48b3-a7a1-41d851f30699}</UniqueIdentifier>
    </Filter>
    <Filter Include="Resource Files\Shaders\Rendering">
      <UniqueIdentifier>{1bfd8752-eca5-4206-b2dc-d339ab51b019}</UniqueIdentifier>
    </Filter>
    <Filter Include="Resource Files\Shaders\TAA">
      <UniqueIdentifier>{7c821c57-9b75-4784-b3bc-e11124a9ca85}</UniqueIdentifier>
    </Filter>
    <Filter Include="Resource Files\Shaders\UI">
      <UniqueIdentifier>{381372e6-7447-421f-9d10-180bb0c55311}</UniqueIdentifier>
    </Filter>
    <Filter Include="Resource Files\Shaders\Frustrum Culling">
      <UniqueIdentifier>{0854a654-9a60-4c7b-8c8b-cfd526851543}</UniqueIdentifier>
    </Filter>
    <Filter Include="Resource Files\Shaders\UI\HUD">
      <UniqueIdentifier>{e153f03f-68b6-4fe8-9c38-28b295030717}</UniqueIdentifier>
    </Filter>
    <Filter Include="Resource Files\Shaders\UI\Text">
      <UniqueIdentifier>{ea982bd8-06fc-4872-baf8-1eec65dad734}</UniqueIdentifier>
    </Filter>
    <Filter Include="Resource Files\Shaders\Rendering\Everything">
      <UniqueIdentifier>{18c7d74b-2c34-494d-9601-4b2ccc31559c}</UniqueIdentifier>
    </Filter>
    <Filter Include="Resource Files\Shaders\Rendering\Outline">
      <UniqueIdentifier>{d7d36e9a-6847-4b30-b5bd-f6904ffc1198}</UniqueIdentifier>
    </Filter>
    <Filter Include="Resource Files\Shaders\Rendering\Screen">
      <UniqueIdentifier>{95d960ce-46ef-48ab-9080-33e16a6ebf96}</UniqueIdentifier>
    </Filter>
  </ItemGroup>
  <ItemGroup>
    <ClCompile Include="glad.c">
      <Filter>Source Files</Filter>
    </ClCompile>
    <ClCompile Include="Source\Utils.cpp">
      <Filter>Source Files</Filter>
    </ClCompile>
    <ClCompile Include="Source\Buffers.cpp">
      <Filter>Source Files\Classes\OpenGL</Filter>
    </ClCompile>
    <ClCompile Include="Source\Camera.cpp">
      <Filter>Source Files\Classes\OpenGL</Filter>
    </ClCompile>
    <ClCompile Include="Source\Framebuffer.cpp">
      <Filter>Source Files\Classes\OpenGL</Filter>
    </ClCompile>
    <ClCompile Include="Source\Player.cpp">
      <Filter>Source Files\Classes\Game</Filter>
    </ClCompile>
    <ClCompile Include="Source\Chunk.cpp">
      <Filter>Source Files\Classes\Game</Filter>
    </ClCompile>
    <ClCompile Include="Source\Renderer.cpp">
      <Filter>Source Files\Classes\OpenGL</Filter>
    </ClCompile>
    <ClCompile Include="Source\Shader.cpp">
      <Filter>Source Files\Classes\OpenGL</Filter>
    </ClCompile>
    <ClCompile Include="Source\Texture.cpp">
      <Filter>Source Files\Classes\OpenGL</Filter>
    </ClCompile>
    <ClCompile Include="Source\TextureArray.cpp">
      <Filter>Source Files\Classes\OpenGL</Filter>
    </ClCompile>
    <ClCompile Include="Source\UI.cpp">
      <Filter>Source Files\Classes\OpenGL</Filter>
    </ClCompile>
    <ClCompile Include="Source\World.cpp">
      <Filter>Source Files\Classes\Game</Filter>
    </ClCompile>
    <ClCompile Include="main.cpp">
      <Filter>Source Files</Filter>
    </ClCompile>
  </ItemGroup>
  <ItemGroup>
    <ClInclude Include="Header\Settings.h">
      <Filter>Header Files</Filter>
    </ClInclude>
    <ClInclude Include="Header\Utils.h">
      <Filter>Header Files</Filter>
    </ClInclude>
    <ClInclude Include="Header\Chunk.h">
      <Filter>Header Files\Game</Filter>
    </ClInclude>
    <ClInclude Include="Header\Player.h">
      <Filter>Header Files\Game</Filter>
    </ClInclude>
    <ClInclude Include="Header\World.h">
      <Filter>Header Files\Game</Filter>
    </ClInclude>
    <ClInclude Include="Header\Buffers.h">
      <Filter>Header Files\OpenGL</Filter>
    </ClInclude>
    <ClInclude Include="Header\Camera.h">
      <Filter>Header Files\OpenGL</Filter>
    </ClInclude>
    <ClInclude Include="Header\Framebuffer.h">
      <Filter>Header Files\OpenGL</Filter>
    </ClInclude>
    <ClInclude Include="Header\Renderer.h">
      <Filter>Header Files\OpenGL</Filter>
    </ClInclude>
    <ClInclude Include="Header\Shader.h">
      <Filter>Header Files\OpenGL</Filter>
    </ClInclude>
    <ClInclude Include="Header\Texture.h">
      <Filter>Header Files\OpenGL</Filter>
    </ClInclude>
    <ClInclude Include="Header\TextureArray.h">
      <Filter>Header Files\OpenGL</Filter>
    </ClInclude>
    <ClInclude Include="Header\UI.h">
      <Filter>Header Files\OpenGL</Filter>
    </ClInclude>
  </ItemGroup>
  <ItemGroup>
    <None Include="Resource\Shaders\TAA\taaFragment.frag">
      <Filter>Resource Files\Shaders\TAA</Filter>
    </None>
    <None Include="Resource\Shaders\TAA\taaVertex.vert">
      <Filter>Resource Files\Shaders\TAA</Filter>
    </None>
    <None Include="Resource\Shaders\Frustrum Culling\frustumCulling.comp">
      <Filter>Resource Files\Shaders\Frustrum Culling</Filter>
    </None>
    <None Include="Resource\Shaders\UI\HUD\hudfragment.frag">
      <Filter>Resource Files\Shaders\UI\HUD</Filter>
    </None>
    <None Include="Resource\Shaders\UI\HUD\hudVertex.vert">
      <Filter>Resource Files\Shaders\UI\HUD</Filter>
    </None>
    <None Include="Resource\Shaders\UI\Text\textFragment.frag">
      <Filter>Resource Files\Shaders\UI\Text</Filter>
    </None>
    <None Include="Resource\Shaders\UI\Text\textVertex.vert">
      <Filter>Resource Files\Shaders\UI\Text</Filter>
    </None>
    <None Include="Resource\Shaders\Rendering\Everything\fragmentShader.frag">
      <Filter>Resource Files\Shaders\Rendering\Everything</Filter>
    </None>
    <None Include="Resource\Shaders\Rendering\Everything\vertexShader.vert">
      <Filter>Resource Files\Shaders\Rendering\Everything</Filter>
    </None>
    <None Include="Resource\Shaders\Rendering\Outline\outlineFragment.frag">
      <Filter>Resource Files\Shaders\Rendering\Outline</Filter>
    </None>
    <None Include="Resource\Shaders\Rendering\Outline\outlineVertex.vert">
      <Filter>Resource Files\Shaders\Rendering\Outline</Filter>
    </None>
    <None Include="Resource\Shaders\Rendering\Screen\screenFragment.frag">
      <Filter>Resource Files\Shaders\Rendering\Screen</Filter>
    </None>
    <None Include="Resource\Shaders\Rendering\Screen\screenVertex.vert">
      <Filter>Resource Files\Shaders\Rendering\Screen</Filter>
    </None>
  </ItemGroup>
</Project>